
Microsoft Visual Studio Solution File, Format Version 12.00
# Visual Studio 15
VisualStudioVersion = 15.0.28307.852
MinimumVisualStudioVersion = 10.0.40219.1
Project("{FAE04EC0-301F-11D3-BF4B-00C04F79EFBC}") = "App2.Android", "App2\App2.Android\App2.Android.csproj", "{3461228B-A881-446C-B6F4-B7DA44F63EA2}"
EndProject
Project("{FAE04EC0-301F-11D3-BF4B-00C04F79EFBC}") = "App2.iOS", "App2\App2.iOS\App2.iOS.csproj", "{4BA2C28E-B214-42DA-99B3-4166723E5C9D}"
EndProject
Project("{FAE04EC0-301F-11D3-BF4B-00C04F79EFBC}") = "App2", "App2\App2\App2.csproj", "{C2FDA1D9-36AE-4B49-8CF9-E80747732A21}"
EndProject
Global
	GlobalSection(SolutionConfigurationPlatforms) = preSolution
		Ad-Hoc|Any CPU = Ad-Hoc|Any CPU
		Ad-Hoc|iPhone = Ad-Hoc|iPhone
		Ad-Hoc|iPhoneSimulator = Ad-Hoc|iPhoneSimulator
		AppStore|Any CPU = AppStore|Any CPU
		AppStore|iPhone = AppStore|iPhone
		AppStore|iPhoneSimulator = AppStore|iPhoneSimulator
		Debug|Any CPU = Debug|Any CPU
		Debug|iPhone = Debug|iPhone
		Debug|iPhoneSimulator = Debug|iPhoneSimulator
		Release|Any CPU = Release|Any CPU
		Release|iPhone = Release|iPhone
		Release|iPhoneSimulator = Release|iPhoneSimulator
	EndGlobalSection
	GlobalSection(ProjectConfigurationPlatforms) = postSolution
		{3461228B-A881-446C-B6F4-B7DA44F63EA2}.Ad-Hoc|Any CPU.ActiveCfg = Release|Any CPU
		{3461228B-A881-446C-B6F4-B7DA44F63EA2}.Ad-Hoc|Any CPU.Build.0 = Release|Any CPU
		{3461228B-A881-446C-B6F4-B7DA44F63EA2}.Ad-Hoc|Any CPU.Deploy.0 = Release|Any CPU
		{3461228B-A881-446C-B6F4-B7DA44F63EA2}.Ad-Hoc|iPhone.ActiveCfg = Release|Any CPU
		{3461228B-A881-446C-B6F4-B7DA44F63EA2}.Ad-Hoc|iPhone.Build.0 = Release|Any CPU
		{3461228B-A881-446C-B6F4-B7DA44F63EA2}.Ad-Hoc|iPhone.Deploy.0 = Release|Any CPU
		{3461228B-A881-446C-B6F4-B7DA44F63EA2}.Ad-Hoc|iPhoneSimulator.ActiveCfg = Release|Any CPU
		{3461228B-A881-446C-B6F4-B7DA44F63EA2}.Ad-Hoc|iPhoneSimulator.Build.0 = Release|Any CPU
		{3461228B-A881-446C-B6F4-B7DA44F63EA2}.Ad-Hoc|iPhoneSimulator.Deploy.0 = Release|Any CPU
		{3461228B-A881-446C-B6F4-B7DA44F63EA2}.AppStore|Any CPU.ActiveCfg = Release|Any CPU
		{3461228B-A881-446C-B6F4-B7DA44F63EA2}.AppStore|Any CPU.Build.0 = Release|Any CPU
		{3461228B-A881-446C-B6F4-B7DA44F63EA2}.AppStore|Any CPU.Deploy.0 = Release|Any CPU
		{3461228B-A881-446C-B6F4-B7DA44F63EA2}.AppStore|iPhone.ActiveCfg = Release|Any CPU
		{3461228B-A881-446C-B6F4-B7DA44F63EA2}.AppStore|iPhone.Build.0 = Release|Any CPU
		{3461228B-A881-446C-B6F4-B7DA44F63EA2}.AppStore|iPhone.Deploy.0 = Release|Any CPU
		{3461228B-A881-446C-B6F4-B7DA44F63EA2}.AppStore|iPhoneSimulator.ActiveCfg = Release|Any CPU
		{3461228B-A881-446C-B6F4-B7DA44F63EA2}.AppStore|iPhoneSimulator.Build.0 = Release|Any CPU
		{3461228B-A881-446C-B6F4-B7DA44F63EA2}.AppStore|iPhoneSimulator.Deploy.0 = Release|Any CPU
		{3461228B-A881-446C-B6F4-B7DA44F63EA2}.Debug|Any CPU.ActiveCfg = Debug|Any CPU
		{3461228B-A881-446C-B6F4-B7DA44F63EA2}.Debug|Any CPU.Build.0 = Debug|Any CPU
		{3461228B-A881-446C-B6F4-B7DA44F63EA2}.Debug|Any CPU.Deploy.0 = Debug|Any CPU
		{3461228B-A881-446C-B6F4-B7DA44F63EA2}.Debug|iPhone.ActiveCfg = Debug|Any CPU
		{3461228B-A881-446C-B6F4-B7DA44F63EA2}.Debug|iPhone.Build.0 = Debug|Any CPU
		{3461228B-A881-446C-B6F4-B7DA44F63EA2}.Debug|iPhone.Deploy.0 = Debug|Any CPU
		{3461228B-A881-446C-B6F4-B7DA44F63EA2}.Debug|iPhoneSimulator.ActiveCfg = Debug|Any CPU
		{3461228B-A881-446C-B6F4-B7DA44F63EA2}.Debug|iPhoneSimulator.Build.0 = Debug|Any CPU
		{3461228B-A881-446C-B6F4-B7DA44F63EA2}.Debug|iPhoneSimulator.Deploy.0 = Debug|Any CPU
		{3461228B-A881-446C-B6F4-B7DA44F63EA2}.Release|Any CPU.ActiveCfg = Release|Any CPU
		{3461228B-A881-446C-B6F4-B7DA44F63EA2}.Release|Any CPU.Build.0 = Release|Any CPU
		{3461228B-A881-446C-B6F4-B7DA44F63EA2}.Release|Any CPU.Deploy.0 = Release|Any CPU
		{3461228B-A881-446C-B6F4-B7DA44F63EA2}.Release|iPhone.ActiveCfg = Release|Any CPU
		{3461228B-A881-446C-B6F4-B7DA44F63EA2}.Release|iPhone.Build.0 = Release|Any CPU
		{3461228B-A881-446C-B6F4-B7DA44F63EA2}.Release|iPhone.Deploy.0 = Release|Any CPU
		{3461228B-A881-446C-B6F4-B7DA44F63EA2}.Release|iPhoneSimulator.ActiveCfg = Release|Any CPU
		{3461228B-A881-446C-B6F4-B7DA44F63EA2}.Release|iPhoneSimulator.Build.0 = Release|Any CPU
		{3461228B-A881-446C-B6F4-B7DA44F63EA2}.Release|iPhoneSimulator.Deploy.0 = Release|Any CPU
		{4BA2C28E-B214-42DA-99B3-4166723E5C9D}.Ad-Hoc|Any CPU.ActiveCfg = Ad-Hoc|iPhone
		{4BA2C28E-B214-42DA-99B3-4166723E5C9D}.Ad-Hoc|Any CPU.Build.0 = Ad-Hoc|iPhone
		{4BA2C28E-B214-42DA-99B3-4166723E5C9D}.Ad-Hoc|Any CPU.Deploy.0 = Ad-Hoc|iPhone
		{4BA2C28E-B214-42DA-99B3-4166723E5C9D}.Ad-Hoc|iPhone.ActiveCfg = Ad-Hoc|iPhone
		{4BA2C28E-B214-42DA-99B3-4166723E5C9D}.Ad-Hoc|iPhone.Build.0 = Ad-Hoc|iPhone
		{4BA2C28E-B214-42DA-99B3-4166723E5C9D}.Ad-Hoc|iPhone.Deploy.0 = Ad-Hoc|iPhone
		{4BA2C28E-B214-42DA-99B3-4166723E5C9D}.Ad-Hoc|iPhoneSimulator.ActiveCfg = Ad-Hoc|iPhoneSimulator
		{4BA2C28E-B214-42DA-99B3-4166723E5C9D}.Ad-Hoc|iPhoneSimulator.Build.0 = Ad-Hoc|iPhoneSimulator
		{4BA2C28E-B214-42DA-99B3-4166723E5C9D}.Ad-Hoc|iPhoneSimulator.Deploy.0 = Ad-Hoc|iPhoneSimulator
		{4BA2C28E-B214-42DA-99B3-4166723E5C9D}.AppStore|Any CPU.ActiveCfg = AppStore|iPhone
		{4BA2C28E-B214-42DA-99B3-4166723E5C9D}.AppStore|Any CPU.Build.0 = AppStore|iPhone
		{4BA2C28E-B214-42DA-99B3-4166723E5C9D}.AppStore|Any CPU.Deploy.0 = AppStore|iPhone
		{4BA2C28E-B214-42DA-99B3-4166723E5C9D}.AppStore|iPhone.ActiveCfg = AppStore|iPhone
		{4BA2C28E-B214-42DA-99B3-4166723E5C9D}.AppStore|iPhone.Build.0 = AppStore|iPhone
		{4BA2C28E-B214-42DA-99B3-4166723E5C9D}.AppStore|iPhone.Deploy.0 = AppStore|iPhone
		{4BA2C28E-B214-42DA-99B3-4166723E5C9D}.AppStore|iPhoneSimulator.ActiveCfg = AppStore|iPhoneSimulator
		{4BA2C28E-B214-42DA-99B3-4166723E5C9D}.AppStore|iPhoneSimulator.Build.0 = AppStore|iPhoneSimulator
		{4BA2C28E-B214-42DA-99B3-4166723E5C9D}.AppStore|iPhoneSimulator.Deploy.0 = AppStore|iPhoneSimulator
		{4BA2C28E-B214-42DA-99B3-4166723E5C9D}.Debug|Any CPU.ActiveCfg = Debug|iPhoneSimulator
		{4BA2C28E-B214-42DA-99B3-4166723E5C9D}.Debug|Any CPU.Build.0 = Debug|iPhoneSimulator
		{4BA2C28E-B214-42DA-99B3-4166723E5C9D}.Debug|Any CPU.Deploy.0 = Debug|iPhoneSimulator
		{4BA2C28E-B214-42DA-99B3-4166723E5C9D}.Debug|iPhone.ActiveCfg = Debug|iPhone
		{4BA2C28E-B214-42DA-99B3-4166723E5C9D}.Debug|iPhone.Build.0 = Debug|iPhone
		{4BA2C28E-B214-42DA-99B3-4166723E5C9D}.Debug|iPhone.Deploy.0 = Debug|iPhone
		{4BA2C28E-B214-42DA-99B3-4166723E5C9D}.Debug|iPhoneSimulator.ActiveCfg = Debug|iPhoneSimulator
		{4BA2C28E-B214-42DA-99B3-4166723E5C9D}.Debug|iPhoneSimulator.Build.0 = Debug|iPhoneSimulator
		{4BA2C28E-B214-42DA-99B3-4166723E5C9D}.Debug|iPhoneSimulator.Deploy.0 = Debug|iPhoneSimulator
		{4BA2C28E-B214-42DA-99B3-4166723E5C9D}.Release|Any CPU.ActiveCfg = Release|iPhone
		{4BA2C28E-B214-42DA-99B3-4166723E5C9D}.Release|Any CPU.Build.0 = Release|iPhone
		{4BA2C28E-B214-42DA-99B3-4166723E5C9D}.Release|Any CPU.Deploy.0 = Release|iPhone
		{4BA2C28E-B214-42DA-99B3-4166723E5C9D}.Release|iPhone.ActiveCfg = Release|iPhone
		{4BA2C28E-B214-42DA-99B3-4166723E5C9D}.Release|iPhone.Build.0 = Release|iPhone
		{4BA2C28E-B214-42DA-99B3-4166723E5C9D}.Release|iPhone.Deploy.0 = Release|iPhone
		{4BA2C28E-B214-42DA-99B3-4166723E5C9D}.Release|iPhoneSimulator.ActiveCfg = Release|iPhoneSimulator
		{4BA2C28E-B214-42DA-99B3-4166723E5C9D}.Release|iPhoneSimulator.Build.0 = Release|iPhoneSimulator
		{4BA2C28E-B214-42DA-99B3-4166723E5C9D}.Release|iPhoneSimulator.Deploy.0 = Release|iPhoneSimulator
		{C2FDA1D9-36AE-4B49-8CF9-E80747732A21}.Ad-Hoc|Any CPU.ActiveCfg = Debug|Any CPU
		{C2FDA1D9-36AE-4B49-8CF9-E80747732A21}.Ad-Hoc|Any CPU.Build.0 = Debug|Any CPU
		{C2FDA1D9-36AE-4B49-8CF9-E80747732A21}.Ad-Hoc|Any CPU.Deploy.0 = Debug|Any CPU
		{C2FDA1D9-36AE-4B49-8CF9-E80747732A21}.Ad-Hoc|iPhone.ActiveCfg = Debug|Any CPU
		{C2FDA1D9-36AE-4B49-8CF9-E80747732A21}.Ad-Hoc|iPhone.Build.0 = Debug|Any CPU
		{C2FDA1D9-36AE-4B49-8CF9-E80747732A21}.Ad-Hoc|iPhone.Deploy.0 = Debug|Any CPU
		{C2FDA1D9-36AE-4B49-8CF9-E80747732A21}.Ad-Hoc|iPhoneSimulator.ActiveCfg = Debug|Any CPU
		{C2FDA1D9-36AE-4B49-8CF9-E80747732A21}.Ad-Hoc|iPhoneSimulator.Build.0 = Debug|Any CPU
		{C2FDA1D9-36AE-4B49-8CF9-E80747732A21}.Ad-Hoc|iPhoneSimulator.Deploy.0 = Debug|Any CPU
		{C2FDA1D9-36AE-4B49-8CF9-E80747732A21}.AppStore|Any CPU.ActiveCfg = Debug|Any CPU
		{C2FDA1D9-36AE-4B49-8CF9-E80747732A21}.AppStore|Any CPU.Build.0 = Debug|Any CPU
		{C2FDA1D9-36AE-4B49-8CF9-E80747732A21}.AppStore|Any CPU.Deploy.0 = Debug|Any CPU
		{C2FDA1D9-36AE-4B49-8CF9-E80747732A21}.AppStore|iPhone.ActiveCfg = Debug|Any CPU
		{C2FDA1D9-36AE-4B49-8CF9-E80747732A21}.AppStore|iPhone.Build.0 = Debug|Any CPU
		{C2FDA1D9-36AE-4B49-8CF9-E80747732A21}.AppStore|iPhone.Deploy.0 = Debug|Any CPU
		{C2FDA1D9-36AE-4B49-8CF9-E80747732A21}.AppStore|iPhoneSimulator.ActiveCfg = Debug|Any CPU
		{C2FDA1D9-36AE-4B49-8CF9-E80747732A21}.AppStore|iPhoneSimulator.Build.0 = Debug|Any CPU
		{C2FDA1D9-36AE-4B49-8CF9-E80747732A21}.AppStore|iPhoneSimulator.Deploy.0 = Debug|Any CPU
		{C2FDA1D9-36AE-4B49-8CF9-E80747732A21}.Debug|Any CPU.ActiveCfg = Debug|Any CPU
		{C2FDA1D9-36AE-4B49-8CF9-E80747732A21}.Debug|Any CPU.Build.0 = Debug|Any CPU
		{C2FDA1D9-36AE-4B49-8CF9-E80747732A21}.Debug|Any CPU.Deploy.0 = Debug|Any CPU
		{C2FDA1D9-36AE-4B49-8CF9-E80747732A21}.Debug|iPhone.ActiveCfg = Debug|Any CPU
		{C2FDA1D9-36AE-4B49-8CF9-E80747732A21}.Debug|iPhone.Build.0 = Debug|Any CPU
		{C2FDA1D9-36AE-4B49-8CF9-E80747732A21}.Debug|iPhone.Deploy.0 = Debug|Any CPU
		{C2FDA1D9-36AE-4B49-8CF9-E80747732A21}.Debug|iPhoneSimulator.ActiveCfg = Debug|Any CPU
		{C2FDA1D9-36AE-4B49-8CF9-E80747732A21}.Debug|iPhoneSimulator.Build.0 = Debug|Any CPU
		{C2FDA1D9-36AE-4B49-8CF9-E80747732A21}.Debug|iPhoneSimulator.Deploy.0 = Debug|Any CPU
		{C2FDA1D9-36AE-4B49-8CF9-E80747732A21}.Release|Any CPU.ActiveCfg = Release|Any CPU
		{C2FDA1D9-36AE-4B49-8CF9-E80747732A21}.Release|Any CPU.Build.0 = Release|Any CPU
		{C2FDA1D9-36AE-4B49-8CF9-E80747732A21}.Release|Any CPU.Deploy.0 = Release|Any CPU
		{C2FDA1D9-36AE-4B49-8CF9-E80747732A21}.Release|iPhone.ActiveCfg = Release|Any CPU
		{C2FDA1D9-36AE-4B49-8CF9-E80747732A21}.Release|iPhone.Build.0 = Release|Any CPU
		{C2FDA1D9-36AE-4B49-8CF9-E80747732A21}.Release|iPhone.Deploy.0 = Release|Any CPU
		{C2FDA1D9-36AE-4B49-8CF9-E80747732A21}.Release|iPhoneSimulator.ActiveCfg = Release|Any CPU
		{C2FDA1D9-36AE-4B49-8CF9-E80747732A21}.Release|iPhoneSimulator.Build.0 = Release|Any CPU
		{C2FDA1D9-36AE-4B49-8CF9-E80747732A21}.Release|iPhoneSimulator.Deploy.0 = Release|Any CPU
	EndGlobalSection
	GlobalSection(SolutionProperties) = preSolution
		HideSolutionNode = FALSE
	EndGlobalSection
	GlobalSection(ExtensibilityGlobals) = postSolution
		SolutionGuid = {46683194-0B6A-4123-9F6F-2102A37C4E39}
	EndGlobalSection
EndGlobal
