
Microsoft Visual Studio Solution File, Format Version 12.00
# Visual Studio 15
VisualStudioVersion = 15.0.28307.852
MinimumVisualStudioVersion = 10.0.40219.1
Project("{FAE04EC0-301F-11D3-BF4B-00C04F79EFBC}") = "App6.Android", "App6\App6.Android\App6.Android.csproj", "{FF4B8C69-44C6-479D-9723-6E635D06F8CE}"
EndProject
Project("{FAE04EC0-301F-11D3-BF4B-00C04F79EFBC}") = "App6.iOS", "App6\App6.iOS\App6.iOS.csproj", "{0ACEAE8B-179C-4863-8068-F6078F93A46F}"
EndProject
Project("{FAE04EC0-301F-11D3-BF4B-00C04F79EFBC}") = "App6", "App6\App6\App6.csproj", "{548C9FD2-23D2-4D27-BFCA-156FBE111364}"
EndProject
Global
	GlobalSection(SolutionConfigurationPlatforms) = preSolution
		Ad-Hoc|Any CPU = Ad-Hoc|Any CPU
		Ad-Hoc|iPhone = Ad-Hoc|iPhone
		Ad-Hoc|iPhoneSimulator = Ad-Hoc|iPhoneSimulator
		AppStore|Any CPU = AppStore|Any CPU
		AppStore|iPhone = AppStore|iPhone
		AppStore|iPhoneSimulator = AppStore|iPhoneSimulator
		Debug|Any CPU = Debug|Any CPU
		Debug|iPhone = Debug|iPhone
		Debug|iPhoneSimulator = Debug|iPhoneSimulator
		Release|Any CPU = Release|Any CPU
		Release|iPhone = Release|iPhone
		Release|iPhoneSimulator = Release|iPhoneSimulator
	EndGlobalSection
	GlobalSection(ProjectConfigurationPlatforms) = postSolution
		{FF4B8C69-44C6-479D-9723-6E635D06F8CE}.Ad-Hoc|Any CPU.ActiveCfg = Release|Any CPU
		{FF4B8C69-44C6-479D-9723-6E635D06F8CE}.Ad-Hoc|Any CPU.Build.0 = Release|Any CPU
		{FF4B8C69-44C6-479D-9723-6E635D06F8CE}.Ad-Hoc|Any CPU.Deploy.0 = Release|Any CPU
		{FF4B8C69-44C6-479D-9723-6E635D06F8CE}.Ad-Hoc|iPhone.ActiveCfg = Release|Any CPU
		{FF4B8C69-44C6-479D-9723-6E635D06F8CE}.Ad-Hoc|iPhone.Build.0 = Release|Any CPU
		{FF4B8C69-44C6-479D-9723-6E635D06F8CE}.Ad-Hoc|iPhone.Deploy.0 = Release|Any CPU
		{FF4B8C69-44C6-479D-9723-6E635D06F8CE}.Ad-Hoc|iPhoneSimulator.ActiveCfg = Release|Any CPU
		{FF4B8C69-44C6-479D-9723-6E635D06F8CE}.Ad-Hoc|iPhoneSimulator.Build.0 = Release|Any CPU
		{FF4B8C69-44C6-479D-9723-6E635D06F8CE}.Ad-Hoc|iPhoneSimulator.Deploy.0 = Release|Any CPU
		{FF4B8C69-44C6-479D-9723-6E635D06F8CE}.AppStore|Any CPU.ActiveCfg = Release|Any CPU
		{FF4B8C69-44C6-479D-9723-6E635D06F8CE}.AppStore|Any CPU.Build.0 = Release|Any CPU
		{FF4B8C69-44C6-479D-9723-6E635D06F8CE}.AppStore|Any CPU.Deploy.0 = Release|Any CPU
		{FF4B8C69-44C6-479D-9723-6E635D06F8CE}.AppStore|iPhone.ActiveCfg = Release|Any CPU
		{FF4B8C69-44C6-479D-9723-6E635D06F8CE}.AppStore|iPhone.Build.0 = Release|Any CPU
		{FF4B8C69-44C6-479D-9723-6E635D06F8CE}.AppStore|iPhone.Deploy.0 = Release|Any CPU
		{FF4B8C69-44C6-479D-9723-6E635D06F8CE}.AppStore|iPhoneSimulator.ActiveCfg = Release|Any CPU
		{FF4B8C69-44C6-479D-9723-6E635D06F8CE}.AppStore|iPhoneSimulator.Build.0 = Release|Any CPU
		{FF4B8C69-44C6-479D-9723-6E635D06F8CE}.AppStore|iPhoneSimulator.Deploy.0 = Release|Any CPU
		{FF4B8C69-44C6-479D-9723-6E635D06F8CE}.Debug|Any CPU.ActiveCfg = Debug|Any CPU
		{FF4B8C69-44C6-479D-9723-6E635D06F8CE}.Debug|Any CPU.Build.0 = Debug|Any CPU
		{FF4B8C69-44C6-479D-9723-6E635D06F8CE}.Debug|Any CPU.Deploy.0 = Debug|Any CPU
		{FF4B8C69-44C6-479D-9723-6E635D06F8CE}.Debug|iPhone.ActiveCfg = Debug|Any CPU
		{FF4B8C69-44C6-479D-9723-6E635D06F8CE}.Debug|iPhone.Build.0 = Debug|Any CPU
		{FF4B8C69-44C6-479D-9723-6E635D06F8CE}.Debug|iPhone.Deploy.0 = Debug|Any CPU
		{FF4B8C69-44C6-479D-9723-6E635D06F8CE}.Debug|iPhoneSimulator.ActiveCfg = Debug|Any CPU
		{FF4B8C69-44C6-479D-9723-6E635D06F8CE}.Debug|iPhoneSimulator.Build.0 = Debug|Any CPU
		{FF4B8C69-44C6-479D-9723-6E635D06F8CE}.Debug|iPhoneSimulator.Deploy.0 = Debug|Any CPU
		{FF4B8C69-44C6-479D-9723-6E635D06F8CE}.Release|Any CPU.ActiveCfg = Release|Any CPU
		{FF4B8C69-44C6-479D-9723-6E635D06F8CE}.Release|Any CPU.Build.0 = Release|Any CPU
		{FF4B8C69-44C6-479D-9723-6E635D06F8CE}.Release|Any CPU.Deploy.0 = Release|Any CPU
		{FF4B8C69-44C6-479D-9723-6E635D06F8CE}.Release|iPhone.ActiveCfg = Release|Any CPU
		{FF4B8C69-44C6-479D-9723-6E635D06F8CE}.Release|iPhone.Build.0 = Release|Any CPU
		{FF4B8C69-44C6-479D-9723-6E635D06F8CE}.Release|iPhone.Deploy.0 = Release|Any CPU
		{FF4B8C69-44C6-479D-9723-6E635D06F8CE}.Release|iPhoneSimulator.ActiveCfg = Release|Any CPU
		{FF4B8C69-44C6-479D-9723-6E635D06F8CE}.Release|iPhoneSimulator.Build.0 = Release|Any CPU
		{FF4B8C69-44C6-479D-9723-6E635D06F8CE}.Release|iPhoneSimulator.Deploy.0 = Release|Any CPU
		{0ACEAE8B-179C-4863-8068-F6078F93A46F}.Ad-Hoc|Any CPU.ActiveCfg = Ad-Hoc|iPhone
		{0ACEAE8B-179C-4863-8068-F6078F93A46F}.Ad-Hoc|Any CPU.Build.0 = Ad-Hoc|iPhone
		{0ACEAE8B-179C-4863-8068-F6078F93A46F}.Ad-Hoc|Any CPU.Deploy.0 = Ad-Hoc|iPhone
		{0ACEAE8B-179C-4863-8068-F6078F93A46F}.Ad-Hoc|iPhone.ActiveCfg = Ad-Hoc|iPhone
		{0ACEAE8B-179C-4863-8068-F6078F93A46F}.Ad-Hoc|iPhone.Build.0 = Ad-Hoc|iPhone
		{0ACEAE8B-179C-4863-8068-F6078F93A46F}.Ad-Hoc|iPhone.Deploy.0 = Ad-Hoc|iPhone
		{0ACEAE8B-179C-4863-8068-F6078F93A46F}.Ad-Hoc|iPhoneSimulator.ActiveCfg = Ad-Hoc|iPhoneSimulator
		{0ACEAE8B-179C-4863-8068-F6078F93A46F}.Ad-Hoc|iPhoneSimulator.Build.0 = Ad-Hoc|iPhoneSimulator
		{0ACEAE8B-179C-4863-8068-F6078F93A46F}.Ad-Hoc|iPhoneSimulator.Deploy.0 = Ad-Hoc|iPhoneSimulator
		{0ACEAE8B-179C-4863-8068-F6078F93A46F}.AppStore|Any CPU.ActiveCfg = AppStore|iPhone
		{0ACEAE8B-179C-4863-8068-F6078F93A46F}.AppStore|Any CPU.Build.0 = AppStore|iPhone
		{0ACEAE8B-179C-4863-8068-F6078F93A46F}.AppStore|Any CPU.Deploy.0 = AppStore|iPhone
		{0ACEAE8B-179C-4863-8068-F6078F93A46F}.AppStore|iPhone.ActiveCfg = AppStore|iPhone
		{0ACEAE8B-179C-4863-8068-F6078F93A46F}.AppStore|iPhone.Build.0 = AppStore|iPhone
		{0ACEAE8B-179C-4863-8068-F6078F93A46F}.AppStore|iPhone.Deploy.0 = AppStore|iPhone
		{0ACEAE8B-179C-4863-8068-F6078F93A46F}.AppStore|iPhoneSimulator.ActiveCfg = AppStore|iPhoneSimulator
		{0ACEAE8B-179C-4863-8068-F6078F93A46F}.AppStore|iPhoneSimulator.Build.0 = AppStore|iPhoneSimulator
		{0ACEAE8B-179C-4863-8068-F6078F93A46F}.AppStore|iPhoneSimulator.Deploy.0 = AppStore|iPhoneSimulator
		{0ACEAE8B-179C-4863-8068-F6078F93A46F}.Debug|Any CPU.ActiveCfg = Debug|iPhoneSimulator
		{0ACEAE8B-179C-4863-8068-F6078F93A46F}.Debug|Any CPU.Build.0 = Debug|iPhoneSimulator
		{0ACEAE8B-179C-4863-8068-F6078F93A46F}.Debug|Any CPU.Deploy.0 = Debug|iPhoneSimulator
		{0ACEAE8B-179C-4863-8068-F6078F93A46F}.Debug|iPhone.ActiveCfg = Debug|iPhone
		{0ACEAE8B-179C-4863-8068-F6078F93A46F}.Debug|iPhone.Build.0 = Debug|iPhone
		{0ACEAE8B-179C-4863-8068-F6078F93A46F}.Debug|iPhone.Deploy.0 = Debug|iPhone
		{0ACEAE8B-179C-4863-8068-F6078F93A46F}.Debug|iPhoneSimulator.ActiveCfg = Debug|iPhoneSimulator
		{0ACEAE8B-179C-4863-8068-F6078F93A46F}.Debug|iPhoneSimulator.Build.0 = Debug|iPhoneSimulator
		{0ACEAE8B-179C-4863-8068-F6078F93A46F}.Debug|iPhoneSimulator.Deploy.0 = Debug|iPhoneSimulator
		{0ACEAE8B-179C-4863-8068-F6078F93A46F}.Release|Any CPU.ActiveCfg = Release|iPhone
		{0ACEAE8B-179C-4863-8068-F6078F93A46F}.Release|Any CPU.Build.0 = Release|iPhone
		{0ACEAE8B-179C-4863-8068-F6078F93A46F}.Release|Any CPU.Deploy.0 = Release|iPhone
		{0ACEAE8B-179C-4863-8068-F6078F93A46F}.Release|iPhone.ActiveCfg = Release|iPhone
		{0ACEAE8B-179C-4863-8068-F6078F93A46F}.Release|iPhone.Build.0 = Release|iPhone
		{0ACEAE8B-179C-4863-8068-F6078F93A46F}.Release|iPhone.Deploy.0 = Release|iPhone
		{0ACEAE8B-179C-4863-8068-F6078F93A46F}.Release|iPhoneSimulator.ActiveCfg = Release|iPhoneSimulator
		{0ACEAE8B-179C-4863-8068-F6078F93A46F}.Release|iPhoneSimulator.Build.0 = Release|iPhoneSimulator
		{0ACEAE8B-179C-4863-8068-F6078F93A46F}.Release|iPhoneSimulator.Deploy.0 = Release|iPhoneSimulator
		{548C9FD2-23D2-4D27-BFCA-156FBE111364}.Ad-Hoc|Any CPU.ActiveCfg = Debug|Any CPU
		{548C9FD2-23D2-4D27-BFCA-156FBE111364}.Ad-Hoc|Any CPU.Build.0 = Debug|Any CPU
		{548C9FD2-23D2-4D27-BFCA-156FBE111364}.Ad-Hoc|Any CPU.Deploy.0 = Debug|Any CPU
		{548C9FD2-23D2-4D27-BFCA-156FBE111364}.Ad-Hoc|iPhone.ActiveCfg = Debug|Any CPU
		{548C9FD2-23D2-4D27-BFCA-156FBE111364}.Ad-Hoc|iPhone.Build.0 = Debug|Any CPU
		{548C9FD2-23D2-4D27-BFCA-156FBE111364}.Ad-Hoc|iPhone.Deploy.0 = Debug|Any CPU
		{548C9FD2-23D2-4D27-BFCA-156FBE111364}.Ad-Hoc|iPhoneSimulator.ActiveCfg = Debug|Any CPU
		{548C9FD2-23D2-4D27-BFCA-156FBE111364}.Ad-Hoc|iPhoneSimulator.Build.0 = Debug|Any CPU
		{548C9FD2-23D2-4D27-BFCA-156FBE111364}.Ad-Hoc|iPhoneSimulator.Deploy.0 = Debug|Any CPU
		{548C9FD2-23D2-4D27-BFCA-156FBE111364}.AppStore|Any CPU.ActiveCfg = Debug|Any CPU
		{548C9FD2-23D2-4D27-BFCA-156FBE111364}.AppStore|Any CPU.Build.0 = Debug|Any CPU
		{548C9FD2-23D2-4D27-BFCA-156FBE111364}.AppStore|Any CPU.Deploy.0 = Debug|Any CPU
		{548C9FD2-23D2-4D27-BFCA-156FBE111364}.AppStore|iPhone.ActiveCfg = Debug|Any CPU
		{548C9FD2-23D2-4D27-BFCA-156FBE111364}.AppStore|iPhone.Build.0 = Debug|Any CPU
		{548C9FD2-23D2-4D27-BFCA-156FBE111364}.AppStore|iPhone.Deploy.0 = Debug|Any CPU
		{548C9FD2-23D2-4D27-BFCA-156FBE111364}.AppStore|iPhoneSimulator.ActiveCfg = Debug|Any CPU
		{548C9FD2-23D2-4D27-BFCA-156FBE111364}.AppStore|iPhoneSimulator.Build.0 = Debug|Any CPU
		{548C9FD2-23D2-4D27-BFCA-156FBE111364}.AppStore|iPhoneSimulator.Deploy.0 = Debug|Any CPU
		{548C9FD2-23D2-4D27-BFCA-156FBE111364}.Debug|Any CPU.ActiveCfg = Debug|Any CPU
		{548C9FD2-23D2-4D27-BFCA-156FBE111364}.Debug|Any CPU.Build.0 = Debug|Any CPU
		{548C9FD2-23D2-4D27-BFCA-156FBE111364}.Debug|Any CPU.Deploy.0 = Debug|Any CPU
		{548C9FD2-23D2-4D27-BFCA-156FBE111364}.Debug|iPhone.ActiveCfg = Debug|Any CPU
		{548C9FD2-23D2-4D27-BFCA-156FBE111364}.Debug|iPhone.Build.0 = Debug|Any CPU
		{548C9FD2-23D2-4D27-BFCA-156FBE111364}.Debug|iPhone.Deploy.0 = Debug|Any CPU
		{548C9FD2-23D2-4D27-BFCA-156FBE111364}.Debug|iPhoneSimulator.ActiveCfg = Debug|Any CPU
		{548C9FD2-23D2-4D27-BFCA-156FBE111364}.Debug|iPhoneSimulator.Build.0 = Debug|Any CPU
		{548C9FD2-23D2-4D27-BFCA-156FBE111364}.Debug|iPhoneSimulator.Deploy.0 = Debug|Any CPU
		{548C9FD2-23D2-4D27-BFCA-156FBE111364}.Release|Any CPU.ActiveCfg = Release|Any CPU
		{548C9FD2-23D2-4D27-BFCA-156FBE111364}.Release|Any CPU.Build.0 = Release|Any CPU
		{548C9FD2-23D2-4D27-BFCA-156FBE111364}.Release|Any CPU.Deploy.0 = Release|Any CPU
		{548C9FD2-23D2-4D27-BFCA-156FBE111364}.Release|iPhone.ActiveCfg = Release|Any CPU
		{548C9FD2-23D2-4D27-BFCA-156FBE111364}.Release|iPhone.Build.0 = Release|Any CPU
		{548C9FD2-23D2-4D27-BFCA-156FBE111364}.Release|iPhone.Deploy.0 = Release|Any CPU
		{548C9FD2-23D2-4D27-BFCA-156FBE111364}.Release|iPhoneSimulator.ActiveCfg = Release|Any CPU
		{548C9FD2-23D2-4D27-BFCA-156FBE111364}.Release|iPhoneSimulator.Build.0 = Release|Any CPU
		{548C9FD2-23D2-4D27-BFCA-156FBE111364}.Release|iPhoneSimulator.Deploy.0 = Release|Any CPU
	EndGlobalSection
	GlobalSection(SolutionProperties) = preSolution
		HideSolutionNode = FALSE
	EndGlobalSection
	GlobalSection(ExtensibilityGlobals) = postSolution
		SolutionGuid = {A74221F5-1A04-4EBA-81B7-673344425472}
	EndGlobalSection
EndGlobal
